
Microsoft Visual Studio Solution File, Format Version 12.00
# Visual Studio Version 17
VisualStudioVersion = 17.1.32228.430
MinimumVisualStudioVersion = 10.0.40219.1
Project("{FAE04EC0-301F-11D3-BF4B-00C04F79EFBC}") = "WebApplication1", "WebApplication1.csproj", "{109A6BF7-37B1-4405-A8F1-43AC2129D668}"
EndProject
Global
	GlobalSection(SolutionConfigurationPlatforms) = preSolution
		Debug|Any CPU = Debug|Any CPU
		Release|Any CPU = Release|Any CPU
	EndGlobalSection
	GlobalSection(ProjectConfigurationPlatforms) = postSolution
		{109A6BF7-37B1-4405-A8F1-43AC2129D668}.Debug|Any CPU.ActiveCfg = Debug|Any CPU
		{109A6BF7-37B1-4405-A8F1-43AC2129D668}.Debug|Any CPU.Build.0 = Debug|Any CPU
		{109A6BF7-37B1-4405-A8F1-43AC2129D668}.Release|Any CPU.ActiveCfg = Release|Any CPU
		{109A6BF7-37B1-4405-A8F1-43AC2129D668}.Release|Any CPU.Build.0 = Release|Any CPU
	EndGlobalSection
	GlobalSection(SolutionProperties) = preSolution
		HideSolutionNode = FALSE
	EndGlobalSection
	GlobalSection(ExtensibilityGlobals) = postSolution
		SolutionGuid = {D75B6682-B8DB-440D-AD69-425099917540}
	EndGlobalSection
EndGlobal
